
Microsoft Visual Studio Solution File, Format Version 12.00
Project("{FAE04EC0-301F-11D3-BF4B-00C04F79EFBC}") = "AoC2022", "AoC2022\AoC2022.csproj", "{E3FF39A3-85C7-4CCC-B5E7-A92113C2E035}"
EndProject
Global
	GlobalSection(SolutionConfigurationPlatforms) = preSolution
		Debug|Any CPU = Debug|Any CPU
		Release|Any CPU = Release|Any CPU
	EndGlobalSection
	GlobalSection(ProjectConfigurationPlatforms) = postSolution
		{E3FF39A3-85C7-4CCC-B5E7-A92113C2E035}.Debug|Any CPU.ActiveCfg = Debug|Any CPU
		{E3FF39A3-85C7-4CCC-B5E7-A92113C2E035}.Debug|Any CPU.Build.0 = Debug|Any CPU
		{E3FF39A3-85C7-4CCC-B5E7-A92113C2E035}.Release|Any CPU.ActiveCfg = Release|Any CPU
		{E3FF39A3-85C7-4CCC-B5E7-A92113C2E035}.Release|Any CPU.Build.0 = Release|Any CPU
	EndGlobalSection
EndGlobal
